{
  "name": "ddhz_wx",
  "lockfileVersion": 2,
  "requires": true,
  "packages": {
    "": {
      "dependencies": {
        "encryptlong": "^3.1.4"
      }
    },
    "node_modules/encryptlong": {
      "version": "3.1.4",
      "resolved": "https://registry.npmjs.org/encryptlong/-/encryptlong-3.1.4.tgz",
      "integrity": "sha512-nx+om7MXaSBSBPBNKKPrOWMot/C0L0Ru8dy9WTyjO5k8Wo+1hsnK0d8uX1UjctkgcgEWhkKhVScniYDjXvnKgw=="
    }
  },
  "dependencies": {
    "encryptlong": {
      "version": "3.1.4",
      "resolved": "https://registry.npmjs.org/encryptlong/-/encryptlong-3.1.4.tgz",
      "integrity": "sha512-nx+om7MXaSBSBPBNKKPrOWMot/C0L0Ru8dy9WTyjO5k8Wo+1hsnK0d8uX1UjctkgcgEWhkKhVScniYDjXvnKgw=="
    }
  }
}
